
Microsoft Visual Studio Solution File, Format Version 12.00
# Visual Studio 2013
VisualStudioVersion = 12.0.31101.0
MinimumVisualStudioVersion = 10.0.40219.1
Project("{FAE04EC0-301F-11D3-BF4B-00C04F79EFBC}") = "WebTestGit", "WebTestGit\WebTestGit.csproj", "{3AB1C0A2-B239-416A-B51C-66B29EC2CBB9}"
EndProject
Global
	GlobalSection(SolutionConfigurationPlatforms) = preSolution
		Debug|Any CPU = Debug|Any CPU
		Release|Any CPU = Release|Any CPU
	EndGlobalSection
	GlobalSection(ProjectConfigurationPlatforms) = postSolution
		{3AB1C0A2-B239-416A-B51C-66B29EC2CBB9}.Debug|Any CPU.ActiveCfg = Debug|Any CPU
		{3AB1C0A2-B239-416A-B51C-66B29EC2CBB9}.Debug|Any CPU.Build.0 = Debug|Any CPU
		{3AB1C0A2-B239-416A-B51C-66B29EC2CBB9}.Release|Any CPU.ActiveCfg = Release|Any CPU
		{3AB1C0A2-B239-416A-B51C-66B29EC2CBB9}.Release|Any CPU.Build.0 = Release|Any CPU
	EndGlobalSection
	GlobalSection(SolutionProperties) = preSolution
		HideSolutionNode = FALSE
	EndGlobalSection
EndGlobal
